
Microsoft Visual Studio Solution File, Format Version 12.00
# Visual Studio 15
VisualStudioVersion = 15.0.27428.2005
MinimumVisualStudioVersion = 10.0.40219.1
Project("{FAE04EC0-301F-11D3-BF4B-00C04F79EFBC}") = "Grades", "Grades\Grades.csproj", "{E9B4BA6E-3312-4EA9-9821-D221A9DFAD8B}"
EndProject
Project("{FAE04EC0-301F-11D3-BF4B-00C04F79EFBC}") = "Grades.Tests", "Grades.Tests\Grades.Tests.csproj", "{62885551-6E28-486C-825F-923F6514829A}"
EndProject
Global
	GlobalSection(SolutionConfigurationPlatforms) = preSolution
		Debug|Any CPU = Debug|Any CPU
		Release|Any CPU = Release|Any CPU
	EndGlobalSection
	GlobalSection(ProjectConfigurationPlatforms) = postSolution
		{E9B4BA6E-3312-4EA9-9821-D221A9DFAD8B}.Debug|Any CPU.ActiveCfg = Debug|Any CPU
		{E9B4BA6E-3312-4EA9-9821-D221A9DFAD8B}.Debug|Any CPU.Build.0 = Debug|Any CPU
		{E9B4BA6E-3312-4EA9-9821-D221A9DFAD8B}.Release|Any CPU.ActiveCfg = Release|Any CPU
		{E9B4BA6E-3312-4EA9-9821-D221A9DFAD8B}.Release|Any CPU.Build.0 = Release|Any CPU
		{62885551-6E28-486C-825F-923F6514829A}.Debug|Any CPU.ActiveCfg = Debug|Any CPU
		{62885551-6E28-486C-825F-923F6514829A}.Debug|Any CPU.Build.0 = Debug|Any CPU
		{62885551-6E28-486C-825F-923F6514829A}.Release|Any CPU.ActiveCfg = Release|Any CPU
		{62885551-6E28-486C-825F-923F6514829A}.Release|Any CPU.Build.0 = Release|Any CPU
	EndGlobalSection
	GlobalSection(SolutionProperties) = preSolution
		HideSolutionNode = FALSE
	EndGlobalSection
	GlobalSection(ExtensibilityGlobals) = postSolution
		SolutionGuid = {EAB9FFAA-2845-4362-9A59-A1B56C672AA1}
	EndGlobalSection
EndGlobal
